
Microsoft Visual Studio Solution File, Format Version 12.00
# Visual Studio Version 17
VisualStudioVersion = 17.9.34622.214
MinimumVisualStudioVersion = 10.0.40219.1
Project("{FAE04EC0-301F-11D3-BF4B-00C04F79EFBC}") = "연습", "연습\연습.csproj", "{24E7D3B3-AC6F-4B74-8214-DB337386BDE7}"
EndProject
Global
	GlobalSection(SolutionConfigurationPlatforms) = preSolution
		Debug|Any CPU = Debug|Any CPU
		Release|Any CPU = Release|Any CPU
	EndGlobalSection
	GlobalSection(ProjectConfigurationPlatforms) = postSolution
		{24E7D3B3-AC6F-4B74-8214-DB337386BDE7}.Debug|Any CPU.ActiveCfg = Debug|Any CPU
		{24E7D3B3-AC6F-4B74-8214-DB337386BDE7}.Debug|Any CPU.Build.0 = Debug|Any CPU
		{24E7D3B3-AC6F-4B74-8214-DB337386BDE7}.Release|Any CPU.ActiveCfg = Release|Any CPU
		{24E7D3B3-AC6F-4B74-8214-DB337386BDE7}.Release|Any CPU.Build.0 = Release|Any CPU
	EndGlobalSection
	GlobalSection(SolutionProperties) = preSolution
		HideSolutionNode = FALSE
	EndGlobalSection
	GlobalSection(ExtensibilityGlobals) = postSolution
		SolutionGuid = {34889015-2BE0-46AC-B388-ECE529192F20}
	EndGlobalSection
EndGlobal
